
Microsoft Visual Studio Solution File, Format Version 12.00
Project("{FAE04EC0-301F-11D3-BF4B-00C04F79EFBC}") = "LeetCode", "LeetCode\LeetCode.csproj", "{40535142-1801-483D-AD11-539CA44BC86B}"
EndProject
Global
	GlobalSection(SolutionConfigurationPlatforms) = preSolution
		Debug|Any CPU = Debug|Any CPU
		Release|Any CPU = Release|Any CPU
	EndGlobalSection
	GlobalSection(ProjectConfigurationPlatforms) = postSolution
		{40535142-1801-483D-AD11-539CA44BC86B}.Debug|Any CPU.ActiveCfg = Debug|Any CPU
		{40535142-1801-483D-AD11-539CA44BC86B}.Debug|Any CPU.Build.0 = Debug|Any CPU
		{40535142-1801-483D-AD11-539CA44BC86B}.Release|Any CPU.ActiveCfg = Release|Any CPU
		{40535142-1801-483D-AD11-539CA44BC86B}.Release|Any CPU.Build.0 = Release|Any CPU
	EndGlobalSection
EndGlobal
